
Microsoft Visual Studio Solution File, Format Version 12.00
# Visual Studio Version 17
VisualStudioVersion = 17.10.35013.160
MinimumVisualStudioVersion = 10.0.40219.1
Project("{2150E333-8FDC-42A3-9474-1A3956D46DE8}") = "Services", "Services", "{45CE67EC-2920-488E-B214-1901C49139EF}"
EndProject
Project("{2150E333-8FDC-42A3-9474-1A3956D46DE8}") = "Catalog", "Catalog", "{BBD0A54C-1FBD-4BC8-B9B5-0AE9DF65FB1F}"
EndProject
Project("{9A19103F-16F7-4668-BE54-9A1E7A4F7556}") = "MultiShop.Catalog", "Services\Catalog\MultiShop.Catalog\MultiShop.Catalog.csproj", "{5506B96F-E1C0-4B45-946A-35943D9EB2EF}"
EndProject
Project("{2150E333-8FDC-42A3-9474-1A3956D46DE8}") = "Discount", "Discount", "{D31150C8-8C7E-4147-B517-D1B3B2A9CBE4}"
EndProject
Project("{9A19103F-16F7-4668-BE54-9A1E7A4F7556}") = "MultiShop.Discount", "Services\Discount\MultiShop.Discount\MultiShop.Discount.csproj", "{91B3AB73-8CF1-4511-8092-D17A07BB2234}"
EndProject
Project("{2150E333-8FDC-42A3-9474-1A3956D46DE8}") = "Order", "Order", "{E4104ED8-BFB8-48A8-8AEB-7F19F645987C}"
EndProject
Project("{2150E333-8FDC-42A3-9474-1A3956D46DE8}") = "Core", "Core", "{F50B4087-FF52-46BD-A282-7CB9915CC7E8}"
EndProject
Project("{2150E333-8FDC-42A3-9474-1A3956D46DE8}") = "Infrastructure", "Infrastructure", "{4E2CC8DE-258E-4133-A696-6C09B0698280}"
EndProject
Project("{2150E333-8FDC-42A3-9474-1A3956D46DE8}") = "Presentation", "Presentation", "{0D549DAF-CE8D-4A22-802E-1710FBC9E078}"
EndProject
Project("{9A19103F-16F7-4668-BE54-9A1E7A4F7556}") = "MultiShop.Order.Application", "Services\Order\Core\MultiShop.Order.Application\MultiShop.Order.Application.csproj", "{0646162F-7045-41A3-AFD0-136EC68034F6}"
EndProject
Project("{9A19103F-16F7-4668-BE54-9A1E7A4F7556}") = "MultiShop.Order.Domain", "Services\Order\Core\MultiShop.Order.Domain\MultiShop.Order.Domain.csproj", "{6B339C89-54B9-4C6F-AFAD-E39936767EEB}"
EndProject
Project("{9A19103F-16F7-4668-BE54-9A1E7A4F7556}") = "MultiShop.Order.Persistence", "Services\Order\Infrastructure\MultiShop.Order.Persistence\MultiShop.Order.Persistence.csproj", "{125DF6F1-7998-4BAB-9280-27C5B4A953C7}"
EndProject
Project("{9A19103F-16F7-4668-BE54-9A1E7A4F7556}") = "MultiShop.Order.WebAPI", "Services\Order\Presentation\MultiShop.Order.WebAPI\MultiShop.Order.WebAPI\MultiShop.Order.WebAPI.csproj", "{6D9FE47F-8379-4B87-833D-9F8C34DC5CAD}"
EndProject
Project("{2150E333-8FDC-42A3-9474-1A3956D46DE8}") = "Identity", "Identity", "{08FEB0EB-FA8B-4C5D-A457-EA496C030D13}"
EndProject
Project("{9A19103F-16F7-4668-BE54-9A1E7A4F7556}") = "MultiShop.Identity", "Services\Identity\MultiShop.Identity\MultiShop.Identity.csproj", "{B999C20D-8E7C-4B06-8354-3691F9DC0260}"
EndProject
Project("{2150E333-8FDC-42A3-9474-1A3956D46DE8}") = "Cargo", "Cargo", "{9EA55FF4-87F7-4532-8830-8BC7B656C0FE}"
EndProject
Project("{9A19103F-16F7-4668-BE54-9A1E7A4F7556}") = "MultiShop.Cargo.EntitysLayer", "Services\Cargo\MultiShop.Cargo.EntitysLayer\MultiShop.Cargo.EntitysLayer.csproj", "{25FEEECC-3E7A-4D93-9E0D-7E322761C1BB}"
EndProject
Project("{9A19103F-16F7-4668-BE54-9A1E7A4F7556}") = "MultiShop.Cargo.DataAccessLayer", "Services\Cargo\MultiShop.Cargo.DataAccessLayer\MultiShop.Cargo.DataAccessLayer.csproj", "{9C377B2A-3320-40B1-90B8-D222E71B3151}"
EndProject
Project("{9A19103F-16F7-4668-BE54-9A1E7A4F7556}") = "MultiShop.Cargo.DTOsLayer", "Services\Cargo\MultiShop.Cargo.DTOsLayer\MultiShop.Cargo.DTOsLayer.csproj", "{83C22499-59BB-429A-92BE-DF64B398D245}"
EndProject
Project("{9A19103F-16F7-4668-BE54-9A1E7A4F7556}") = "MultiShop.Cargo.BusinesLayer", "Services\Cargo\MultiShop.Cargo.BusinesLayer\MultiShop.Cargo.BusinesLayer.csproj", "{FEDC8245-DC6B-4207-ADED-4980DC111E5F}"
EndProject
Project("{9A19103F-16F7-4668-BE54-9A1E7A4F7556}") = "MultiShop.Cargo.API", "Services\Cargo\MultiShop.Cargo.API\MultiShop.Cargo.API.csproj", "{F08258FC-E814-48DC-9569-4D4862578FED}"
EndProject
Project("{2150E333-8FDC-42A3-9474-1A3956D46DE8}") = "Basket", "Basket", "{06B7BC3D-0A2E-4039-8BFC-357011D78125}"
EndProject
Project("{9A19103F-16F7-4668-BE54-9A1E7A4F7556}") = "MultiShop.Basket.WebAPI", "Services\Basket\MultiShop.Basket.WebAPI\MultiShop.Basket.WebAPI.csproj", "{337726BC-B1BB-4820-B245-36F7F66293B2}"
EndProject
Project("{2150E333-8FDC-42A3-9474-1A3956D46DE8}") = "Frontends", "Frontends", "{8EFFA286-540C-4E03-9CFC-9BA16787C051}"
EndProject
Project("{9A19103F-16F7-4668-BE54-9A1E7A4F7556}") = "MultiShop.WebUI", "Frontends\MultiShop.WebUI\MultiShop.WebUI.csproj", "{651FF5AA-16B4-453F-B651-9A662FBA433E}"
EndProject
Project("{9A19103F-16F7-4668-BE54-9A1E7A4F7556}") = "MultiShop.DTOs", "Frontends\MultiShop.DTOs\MultiShop.DTOs.csproj", "{994C0B16-6045-4018-B589-1005E4CDB40E}"
EndProject
Project("{2150E333-8FDC-42A3-9474-1A3956D46DE8}") = "Comment", "Comment", "{295F6F10-BAC1-4F3A-B0FC-2CC6E30D0DED}"
EndProject
Project("{9A19103F-16F7-4668-BE54-9A1E7A4F7556}") = "MultiShop.Comment", "Services\Comment\MultiShop.Comment\MultiShop.Comment.csproj", "{6813B9C3-8777-4DDE-9496-C333384487B8}"
EndProject
Global
	GlobalSection(SolutionConfigurationPlatforms) = preSolution
		Debug|Any CPU = Debug|Any CPU
		Release|Any CPU = Release|Any CPU
	EndGlobalSection
	GlobalSection(ProjectConfigurationPlatforms) = postSolution
		{5506B96F-E1C0-4B45-946A-35943D9EB2EF}.Debug|Any CPU.ActiveCfg = Debug|Any CPU
		{5506B96F-E1C0-4B45-946A-35943D9EB2EF}.Debug|Any CPU.Build.0 = Debug|Any CPU
		{5506B96F-E1C0-4B45-946A-35943D9EB2EF}.Release|Any CPU.ActiveCfg = Release|Any CPU
		{5506B96F-E1C0-4B45-946A-35943D9EB2EF}.Release|Any CPU.Build.0 = Release|Any CPU
		{91B3AB73-8CF1-4511-8092-D17A07BB2234}.Debug|Any CPU.ActiveCfg = Debug|Any CPU
		{91B3AB73-8CF1-4511-8092-D17A07BB2234}.Debug|Any CPU.Build.0 = Debug|Any CPU
		{91B3AB73-8CF1-4511-8092-D17A07BB2234}.Release|Any CPU.ActiveCfg = Release|Any CPU
		{91B3AB73-8CF1-4511-8092-D17A07BB2234}.Release|Any CPU.Build.0 = Release|Any CPU
		{0646162F-7045-41A3-AFD0-136EC68034F6}.Debug|Any CPU.ActiveCfg = Debug|Any CPU
		{0646162F-7045-41A3-AFD0-136EC68034F6}.Debug|Any CPU.Build.0 = Debug|Any CPU
		{0646162F-7045-41A3-AFD0-136EC68034F6}.Release|Any CPU.ActiveCfg = Release|Any CPU
		{0646162F-7045-41A3-AFD0-136EC68034F6}.Release|Any CPU.Build.0 = Release|Any CPU
		{6B339C89-54B9-4C6F-AFAD-E39936767EEB}.Debug|Any CPU.ActiveCfg = Debug|Any CPU
		{6B339C89-54B9-4C6F-AFAD-E39936767EEB}.Debug|Any CPU.Build.0 = Debug|Any CPU
		{6B339C89-54B9-4C6F-AFAD-E39936767EEB}.Release|Any CPU.ActiveCfg = Release|Any CPU
		{6B339C89-54B9-4C6F-AFAD-E39936767EEB}.Release|Any CPU.Build.0 = Release|Any CPU
		{125DF6F1-7998-4BAB-9280-27C5B4A953C7}.Debug|Any CPU.ActiveCfg = Debug|Any CPU
		{125DF6F1-7998-4BAB-9280-27C5B4A953C7}.Debug|Any CPU.Build.0 = Debug|Any CPU
		{125DF6F1-7998-4BAB-9280-27C5B4A953C7}.Release|Any CPU.ActiveCfg = Release|Any CPU
		{125DF6F1-7998-4BAB-9280-27C5B4A953C7}.Release|Any CPU.Build.0 = Release|Any CPU
		{6D9FE47F-8379-4B87-833D-9F8C34DC5CAD}.Debug|Any CPU.ActiveCfg = Debug|Any CPU
		{6D9FE47F-8379-4B87-833D-9F8C34DC5CAD}.Debug|Any CPU.Build.0 = Debug|Any CPU
		{6D9FE47F-8379-4B87-833D-9F8C34DC5CAD}.Release|Any CPU.ActiveCfg = Release|Any CPU
		{6D9FE47F-8379-4B87-833D-9F8C34DC5CAD}.Release|Any CPU.Build.0 = Release|Any CPU
		{B999C20D-8E7C-4B06-8354-3691F9DC0260}.Debug|Any CPU.ActiveCfg = Debug|Any CPU
		{B999C20D-8E7C-4B06-8354-3691F9DC0260}.Debug|Any CPU.Build.0 = Debug|Any CPU
		{B999C20D-8E7C-4B06-8354-3691F9DC0260}.Release|Any CPU.ActiveCfg = Release|Any CPU
		{B999C20D-8E7C-4B06-8354-3691F9DC0260}.Release|Any CPU.Build.0 = Release|Any CPU
		{25FEEECC-3E7A-4D93-9E0D-7E322761C1BB}.Debug|Any CPU.ActiveCfg = Debug|Any CPU
		{25FEEECC-3E7A-4D93-9E0D-7E322761C1BB}.Debug|Any CPU.Build.0 = Debug|Any CPU
		{25FEEECC-3E7A-4D93-9E0D-7E322761C1BB}.Release|Any CPU.ActiveCfg = Release|Any CPU
		{25FEEECC-3E7A-4D93-9E0D-7E322761C1BB}.Release|Any CPU.Build.0 = Release|Any CPU
		{9C377B2A-3320-40B1-90B8-D222E71B3151}.Debug|Any CPU.ActiveCfg = Debug|Any CPU
		{9C377B2A-3320-40B1-90B8-D222E71B3151}.Debug|Any CPU.Build.0 = Debug|Any CPU
		{9C377B2A-3320-40B1-90B8-D222E71B3151}.Release|Any CPU.ActiveCfg = Release|Any CPU
		{9C377B2A-3320-40B1-90B8-D222E71B3151}.Release|Any CPU.Build.0 = Release|Any CPU
		{83C22499-59BB-429A-92BE-DF64B398D245}.Debug|Any CPU.ActiveCfg = Debug|Any CPU
		{83C22499-59BB-429A-92BE-DF64B398D245}.Debug|Any CPU.Build.0 = Debug|Any CPU
		{83C22499-59BB-429A-92BE-DF64B398D245}.Release|Any CPU.ActiveCfg = Release|Any CPU
		{83C22499-59BB-429A-92BE-DF64B398D245}.Release|Any CPU.Build.0 = Release|Any CPU
		{FEDC8245-DC6B-4207-ADED-4980DC111E5F}.Debug|Any CPU.ActiveCfg = Debug|Any CPU
		{FEDC8245-DC6B-4207-ADED-4980DC111E5F}.Debug|Any CPU.Build.0 = Debug|Any CPU
		{FEDC8245-DC6B-4207-ADED-4980DC111E5F}.Release|Any CPU.ActiveCfg = Release|Any CPU
		{FEDC8245-DC6B-4207-ADED-4980DC111E5F}.Release|Any CPU.Build.0 = Release|Any CPU
		{F08258FC-E814-48DC-9569-4D4862578FED}.Debug|Any CPU.ActiveCfg = Debug|Any CPU
		{F08258FC-E814-48DC-9569-4D4862578FED}.Debug|Any CPU.Build.0 = Debug|Any CPU
		{F08258FC-E814-48DC-9569-4D4862578FED}.Release|Any CPU.ActiveCfg = Release|Any CPU
		{F08258FC-E814-48DC-9569-4D4862578FED}.Release|Any CPU.Build.0 = Release|Any CPU
		{337726BC-B1BB-4820-B245-36F7F66293B2}.Debug|Any CPU.ActiveCfg = Debug|Any CPU
		{337726BC-B1BB-4820-B245-36F7F66293B2}.Debug|Any CPU.Build.0 = Debug|Any CPU
		{337726BC-B1BB-4820-B245-36F7F66293B2}.Release|Any CPU.ActiveCfg = Release|Any CPU
		{337726BC-B1BB-4820-B245-36F7F66293B2}.Release|Any CPU.Build.0 = Release|Any CPU
		{651FF5AA-16B4-453F-B651-9A662FBA433E}.Debug|Any CPU.ActiveCfg = Debug|Any CPU
		{651FF5AA-16B4-453F-B651-9A662FBA433E}.Debug|Any CPU.Build.0 = Debug|Any CPU
		{651FF5AA-16B4-453F-B651-9A662FBA433E}.Release|Any CPU.ActiveCfg = Release|Any CPU
		{651FF5AA-16B4-453F-B651-9A662FBA433E}.Release|Any CPU.Build.0 = Release|Any CPU
		{994C0B16-6045-4018-B589-1005E4CDB40E}.Debug|Any CPU.ActiveCfg = Debug|Any CPU
		{994C0B16-6045-4018-B589-1005E4CDB40E}.Debug|Any CPU.Build.0 = Debug|Any CPU
		{994C0B16-6045-4018-B589-1005E4CDB40E}.Release|Any CPU.ActiveCfg = Release|Any CPU
		{994C0B16-6045-4018-B589-1005E4CDB40E}.Release|Any CPU.Build.0 = Release|Any CPU
		{6813B9C3-8777-4DDE-9496-C333384487B8}.Debug|Any CPU.ActiveCfg = Debug|Any CPU
		{6813B9C3-8777-4DDE-9496-C333384487B8}.Debug|Any CPU.Build.0 = Debug|Any CPU
		{6813B9C3-8777-4DDE-9496-C333384487B8}.Release|Any CPU.ActiveCfg = Release|Any CPU
		{6813B9C3-8777-4DDE-9496-C333384487B8}.Release|Any CPU.Build.0 = Release|Any CPU
	EndGlobalSection
	GlobalSection(SolutionProperties) = preSolution
		HideSolutionNode = FALSE
	EndGlobalSection
	GlobalSection(NestedProjects) = preSolution
		{BBD0A54C-1FBD-4BC8-B9B5-0AE9DF65FB1F} = {45CE67EC-2920-488E-B214-1901C49139EF}
		{5506B96F-E1C0-4B45-946A-35943D9EB2EF} = {BBD0A54C-1FBD-4BC8-B9B5-0AE9DF65FB1F}
		{D31150C8-8C7E-4147-B517-D1B3B2A9CBE4} = {45CE67EC-2920-488E-B214-1901C49139EF}
		{91B3AB73-8CF1-4511-8092-D17A07BB2234} = {D31150C8-8C7E-4147-B517-D1B3B2A9CBE4}
		{E4104ED8-BFB8-48A8-8AEB-7F19F645987C} = {45CE67EC-2920-488E-B214-1901C49139EF}
		{F50B4087-FF52-46BD-A282-7CB9915CC7E8} = {E4104ED8-BFB8-48A8-8AEB-7F19F645987C}
		{4E2CC8DE-258E-4133-A696-6C09B0698280} = {E4104ED8-BFB8-48A8-8AEB-7F19F645987C}
		{0D549DAF-CE8D-4A22-802E-1710FBC9E078} = {E4104ED8-BFB8-48A8-8AEB-7F19F645987C}
		{0646162F-7045-41A3-AFD0-136EC68034F6} = {F50B4087-FF52-46BD-A282-7CB9915CC7E8}
		{6B339C89-54B9-4C6F-AFAD-E39936767EEB} = {F50B4087-FF52-46BD-A282-7CB9915CC7E8}
		{125DF6F1-7998-4BAB-9280-27C5B4A953C7} = {4E2CC8DE-258E-4133-A696-6C09B0698280}
		{6D9FE47F-8379-4B87-833D-9F8C34DC5CAD} = {0D549DAF-CE8D-4A22-802E-1710FBC9E078}
		{08FEB0EB-FA8B-4C5D-A457-EA496C030D13} = {45CE67EC-2920-488E-B214-1901C49139EF}
		{B999C20D-8E7C-4B06-8354-3691F9DC0260} = {08FEB0EB-FA8B-4C5D-A457-EA496C030D13}
		{9EA55FF4-87F7-4532-8830-8BC7B656C0FE} = {45CE67EC-2920-488E-B214-1901C49139EF}
		{25FEEECC-3E7A-4D93-9E0D-7E322761C1BB} = {9EA55FF4-87F7-4532-8830-8BC7B656C0FE}
		{9C377B2A-3320-40B1-90B8-D222E71B3151} = {9EA55FF4-87F7-4532-8830-8BC7B656C0FE}
		{83C22499-59BB-429A-92BE-DF64B398D245} = {9EA55FF4-87F7-4532-8830-8BC7B656C0FE}
		{FEDC8245-DC6B-4207-ADED-4980DC111E5F} = {9EA55FF4-87F7-4532-8830-8BC7B656C0FE}
		{F08258FC-E814-48DC-9569-4D4862578FED} = {9EA55FF4-87F7-4532-8830-8BC7B656C0FE}
		{06B7BC3D-0A2E-4039-8BFC-357011D78125} = {45CE67EC-2920-488E-B214-1901C49139EF}
		{337726BC-B1BB-4820-B245-36F7F66293B2} = {06B7BC3D-0A2E-4039-8BFC-357011D78125}
		{651FF5AA-16B4-453F-B651-9A662FBA433E} = {8EFFA286-540C-4E03-9CFC-9BA16787C051}
		{994C0B16-6045-4018-B589-1005E4CDB40E} = {8EFFA286-540C-4E03-9CFC-9BA16787C051}
		{295F6F10-BAC1-4F3A-B0FC-2CC6E30D0DED} = {45CE67EC-2920-488E-B214-1901C49139EF}
		{6813B9C3-8777-4DDE-9496-C333384487B8} = {295F6F10-BAC1-4F3A-B0FC-2CC6E30D0DED}
	EndGlobalSection
	GlobalSection(ExtensibilityGlobals) = postSolution
		SolutionGuid = {622638EC-D013-4BC3-B41F-632A9EB97549}
	EndGlobalSection
EndGlobal
